
Microsoft Visual Studio Solution File, Format Version 12.00
# Visual Studio Version 16
VisualStudioVersion = 16.0.30317.65
MinimumVisualStudioVersion = 10.0.40219.1
Project("{FAE04EC0-301F-11D3-BF4B-00C04F79EFBC}") = "SMS.DAL", "SMS.DAL\SMS.DAL.csproj", "{3B475664-C33C-4D45-B9B9-065F4EB7B627}"
EndProject
Project("{FAE04EC0-301F-11D3-BF4B-00C04F79EFBC}") = "SMS.BusinessEntity", "SMS.BusinessEntity\SMS.BusinessEntity.csproj", "{EDEFF419-DD30-4791-AD7F-01BDAA82951B}"
EndProject
Project("{FAE04EC0-301F-11D3-BF4B-00C04F79EFBC}") = "SMS.BusinessService", "SMS.BusinessService\SMS.BusinessService.csproj", "{6216FB20-5843-442D-B6E9-65C380BE1C5B}"
EndProject
Project("{FAE04EC0-301F-11D3-BF4B-00C04F79EFBC}") = "SMS.WebAPI", "SMS.WebAPI\SMS.WebAPI.csproj", "{BF151E0D-6E62-45DC-B6F5-9D0A51191319}"
EndProject
Project("{FAE04EC0-301F-11D3-BF4B-00C04F79EFBC}") = "SMS.UI", "SMS.UI\SMS.UI.csproj", "{55FADAC4-1FB7-438E-A439-421BDAAA3C3B}"
EndProject
Global
	GlobalSection(SolutionConfigurationPlatforms) = preSolution
		Debug|Any CPU = Debug|Any CPU
		Release|Any CPU = Release|Any CPU
	EndGlobalSection
	GlobalSection(ProjectConfigurationPlatforms) = postSolution
		{3B475664-C33C-4D45-B9B9-065F4EB7B627}.Debug|Any CPU.ActiveCfg = Debug|Any CPU
		{3B475664-C33C-4D45-B9B9-065F4EB7B627}.Debug|Any CPU.Build.0 = Debug|Any CPU
		{3B475664-C33C-4D45-B9B9-065F4EB7B627}.Release|Any CPU.ActiveCfg = Release|Any CPU
		{3B475664-C33C-4D45-B9B9-065F4EB7B627}.Release|Any CPU.Build.0 = Release|Any CPU
		{EDEFF419-DD30-4791-AD7F-01BDAA82951B}.Debug|Any CPU.ActiveCfg = Debug|Any CPU
		{EDEFF419-DD30-4791-AD7F-01BDAA82951B}.Debug|Any CPU.Build.0 = Debug|Any CPU
		{EDEFF419-DD30-4791-AD7F-01BDAA82951B}.Release|Any CPU.ActiveCfg = Release|Any CPU
		{EDEFF419-DD30-4791-AD7F-01BDAA82951B}.Release|Any CPU.Build.0 = Release|Any CPU
		{6216FB20-5843-442D-B6E9-65C380BE1C5B}.Debug|Any CPU.ActiveCfg = Debug|Any CPU
		{6216FB20-5843-442D-B6E9-65C380BE1C5B}.Debug|Any CPU.Build.0 = Debug|Any CPU
		{6216FB20-5843-442D-B6E9-65C380BE1C5B}.Release|Any CPU.ActiveCfg = Release|Any CPU
		{6216FB20-5843-442D-B6E9-65C380BE1C5B}.Release|Any CPU.Build.0 = Release|Any CPU
		{BF151E0D-6E62-45DC-B6F5-9D0A51191319}.Debug|Any CPU.ActiveCfg = Debug|Any CPU
		{BF151E0D-6E62-45DC-B6F5-9D0A51191319}.Debug|Any CPU.Build.0 = Debug|Any CPU
		{BF151E0D-6E62-45DC-B6F5-9D0A51191319}.Release|Any CPU.ActiveCfg = Release|Any CPU
		{BF151E0D-6E62-45DC-B6F5-9D0A51191319}.Release|Any CPU.Build.0 = Release|Any CPU
		{55FADAC4-1FB7-438E-A439-421BDAAA3C3B}.Debug|Any CPU.ActiveCfg = Debug|Any CPU
		{55FADAC4-1FB7-438E-A439-421BDAAA3C3B}.Debug|Any CPU.Build.0 = Debug|Any CPU
		{55FADAC4-1FB7-438E-A439-421BDAAA3C3B}.Release|Any CPU.ActiveCfg = Release|Any CPU
		{55FADAC4-1FB7-438E-A439-421BDAAA3C3B}.Release|Any CPU.Build.0 = Release|Any CPU
	EndGlobalSection
	GlobalSection(SolutionProperties) = preSolution
		HideSolutionNode = FALSE
	EndGlobalSection
	GlobalSection(ExtensibilityGlobals) = postSolution
		SolutionGuid = {DFA9B2BC-0ABB-4FA3-B264-FE52A03EBC90}
	EndGlobalSection
EndGlobal
